dependencies:
- name: mlflow
  repository: file://../mlflow
  version: 0.1.0
- name: prefect
  repository: file://../prefect
  version: 0.1.0
- name: postgresql
  repository: https://charts.bitnami.com/bitnami
  version: 18.3.0
- name: localstack
  repository: https://localstack.github.io/helm-charts
  version: 0.6.27
- name: kuberay-operator
  repository: https://ray-project.github.io/kuberay-helm/
  version: 1.2.2
- name: ray-cluster
  repository: https://ray-project.github.io/kuberay-helm/
  version: 1.2.2
digest: sha256:36cd7ad29a27864f2723050bcda349cbecbd2f50cd9c70d3a1681511b496891c
generated: "2026-06-06T19:04:00.720950967Z"
